
Microsoft Visual Studio Solution File, Format Version 12.00
# Visual Studio Version 17
VisualStudioVersion = 17.10.35013.160
MinimumVisualStudioVersion = 10.0.40219.1
Project("{FAE04EC0-301F-11D3-BF4B-00C04F79EFBC}") = "MipequeniaTienda", "MipequeniaTienda.csproj", "{55522E22-AE52-4091-8F16-20AFD88678E3}"
EndProject
Global
	GlobalSection(SolutionConfigurationPlatforms) = preSolution
		Debug|Any CPU = Debug|Any CPU
		Release|Any CPU = Release|Any CPU
	EndGlobalSection
	GlobalSection(ProjectConfigurationPlatforms) = postSolution
		{55522E22-AE52-4091-8F16-20AFD88678E3}.Debug|Any CPU.ActiveCfg = Debug|Any CPU
		{55522E22-AE52-4091-8F16-20AFD88678E3}.Debug|Any CPU.Build.0 = Debug|Any CPU
		{55522E22-AE52-4091-8F16-20AFD88678E3}.Release|Any CPU.ActiveCfg = Release|Any CPU
		{55522E22-AE52-4091-8F16-20AFD88678E3}.Release|Any CPU.Build.0 = Release|Any CPU
	EndGlobalSection
	GlobalSection(SolutionProperties) = preSolution
		HideSolutionNode = FALSE
	EndGlobalSection
	GlobalSection(ExtensibilityGlobals) = postSolution
		SolutionGuid = {36C0F0ED-8322-4367-ABE2-593A82D1A1C4}
	EndGlobalSection
EndGlobal
